
Microsoft Visual Studio Solution File, Format Version 12.00
# Visual Studio Version 17
VisualStudioVersion = 17.8.34322.80
MinimumVisualStudioVersion = 10.0.40219.1
Project("{9A19103F-16F7-4668-BE54-9A1E7A4F7556}") = "comanda.api", "comanda.api.csproj", "{C65657C6-886C-4622-A773-9AC3802A4727}"
EndProject
Global
	GlobalSection(SolutionConfigurationPlatforms) = preSolution
		Debug|Any CPU = Debug|Any CPU
		Release|Any CPU = Release|Any CPU
	EndGlobalSection
	GlobalSection(ProjectConfigurationPlatforms) = postSolution
		{C65657C6-886C-4622-A773-9AC3802A4727}.Debug|Any CPU.ActiveCfg = Debug|Any CPU
		{C65657C6-886C-4622-A773-9AC3802A4727}.Debug|Any CPU.Build.0 = Debug|Any CPU
		{C65657C6-886C-4622-A773-9AC3802A4727}.Release|Any CPU.ActiveCfg = Release|Any CPU
		{C65657C6-886C-4622-A773-9AC3802A4727}.Release|Any CPU.Build.0 = Release|Any CPU
	EndGlobalSection
	GlobalSection(SolutionProperties) = preSolution
		HideSolutionNode = FALSE
	EndGlobalSection
	GlobalSection(ExtensibilityGlobals) = postSolution
		SolutionGuid = {467BF5DA-A154-4259-B538-6E9FC3987107}
	EndGlobalSection
EndGlobal
